
Microsoft Visual Studio Solution File, Format Version 12.00
# Visual Studio 15
VisualStudioVersion = 15.0.27428.2043
MinimumVisualStudioVersion = 10.0.40219.1
Project("{FAE04EC0-301F-11D3-BF4B-00C04F79EFBC}") = "Persistent Bugger", "Persistance\Persistent Bugger.csproj", "{4AADBB9E-809D-45BF-9115-82A58FF6582E}"
EndProject
Global
	GlobalSection(SolutionConfigurationPlatforms) = preSolution
		Debug|Any CPU = Debug|Any CPU
		Release|Any CPU = Release|Any CPU
	EndGlobalSection
	GlobalSection(ProjectConfigurationPlatforms) = postSolution
		{4AADBB9E-809D-45BF-9115-82A58FF6582E}.Debug|Any CPU.ActiveCfg = Debug|Any CPU
		{4AADBB9E-809D-45BF-9115-82A58FF6582E}.Debug|Any CPU.Build.0 = Debug|Any CPU
		{4AADBB9E-809D-45BF-9115-82A58FF6582E}.Release|Any CPU.ActiveCfg = Release|Any CPU
		{4AADBB9E-809D-45BF-9115-82A58FF6582E}.Release|Any CPU.Build.0 = Release|Any CPU
	EndGlobalSection
	GlobalSection(SolutionProperties) = preSolution
		HideSolutionNode = FALSE
	EndGlobalSection
	GlobalSection(ExtensibilityGlobals) = postSolution
		SolutionGuid = {0B50ADC0-B8F1-41E8-8A68-A2EE6CDCCF73}
	EndGlobalSection
EndGlobal
